
Microsoft Visual Studio Solution File, Format Version 12.00
# Visual Studio 15
VisualStudioVersion = 15.0.27004.2009
MinimumVisualStudioVersion = 10.0.40219.1
Project("{FAE04EC0-301F-11D3-BF4B-00C04F79EFBC}") = "WebAppSeission1", "WebAppSeission1\WebAppSeission1.csproj", "{B17EEC6D-7B62-4B34-91C9-96FF0FE7A4BA}"
EndProject
Project("{FAE04EC0-301F-11D3-BF4B-00C04F79EFBC}") = "DataAccess", "DataAccess\DataAccess.csproj", "{CA5D7710-0991-4280-ACBA-31AF6B041E87}"
EndProject
Project("{FAE04EC0-301F-11D3-BF4B-00C04F79EFBC}") = "UserDAM", "UserDAM\UserDAM.csproj", "{7ECDF4F7-2E99-4CCB-9DF4-3841B45132D0}"
EndProject
Global
	GlobalSection(SolutionConfigurationPlatforms) = preSolution
		Debug|Any CPU = Debug|Any CPU
		Release|Any CPU = Release|Any CPU
	EndGlobalSection
	GlobalSection(ProjectConfigurationPlatforms) = postSolution
		{B17EEC6D-7B62-4B34-91C9-96FF0FE7A4BA}.Debug|Any CPU.ActiveCfg = Debug|Any CPU
		{B17EEC6D-7B62-4B34-91C9-96FF0FE7A4BA}.Debug|Any CPU.Build.0 = Debug|Any CPU
		{B17EEC6D-7B62-4B34-91C9-96FF0FE7A4BA}.Release|Any CPU.ActiveCfg = Release|Any CPU
		{B17EEC6D-7B62-4B34-91C9-96FF0FE7A4BA}.Release|Any CPU.Build.0 = Release|Any CPU
		{CA5D7710-0991-4280-ACBA-31AF6B041E87}.Debug|Any CPU.ActiveCfg = Debug|Any CPU
		{CA5D7710-0991-4280-ACBA-31AF6B041E87}.Debug|Any CPU.Build.0 = Debug|Any CPU
		{CA5D7710-0991-4280-ACBA-31AF6B041E87}.Release|Any CPU.ActiveCfg = Release|Any CPU
		{CA5D7710-0991-4280-ACBA-31AF6B041E87}.Release|Any CPU.Build.0 = Release|Any CPU
		{7ECDF4F7-2E99-4CCB-9DF4-3841B45132D0}.Debug|Any CPU.ActiveCfg = Debug|Any CPU
		{7ECDF4F7-2E99-4CCB-9DF4-3841B45132D0}.Debug|Any CPU.Build.0 = Debug|Any CPU
		{7ECDF4F7-2E99-4CCB-9DF4-3841B45132D0}.Release|Any CPU.ActiveCfg = Release|Any CPU
		{7ECDF4F7-2E99-4CCB-9DF4-3841B45132D0}.Release|Any CPU.Build.0 = Release|Any CPU
	EndGlobalSection
	GlobalSection(SolutionProperties) = preSolution
		HideSolutionNode = FALSE
	EndGlobalSection
	GlobalSection(ExtensibilityGlobals) = postSolution
		SolutionGuid = {6C9E431B-B28D-4190-9F05-AA07CAE02E8D}
	EndGlobalSection
EndGlobal
